
Microsoft Visual Studio Solution File, Format Version 12.00
# Visual Studio 15
Project("{FAE04EC0-301F-11D3-BF4B-00C04F79EFBC}") = "CommonLib", "CornHole\CommonLib.csproj", "{440F2C9F-3666-4143-8E1F-67EA4F6DE634}"
EndProject
Project("{FAE04EC0-301F-11D3-BF4B-00C04F79EFBC}") = "iOSCornhole", "iOSCornhole\iOSCornhole.csproj", "{66142964-EF4E-4DF2-8DBE-5C40EA27A6E8}"
EndProject
Project("{FAE04EC0-301F-11D3-BF4B-00C04F79EFBC}") = "DroidCornhole", "DroidCornhole\DroidCornhole.csproj", "{13AA5DB4-1019-48F3-94ED-74B2C48C8B84}"
EndProject
Global
	GlobalSection(SolutionConfigurationPlatforms) = preSolution
		Debug|Any CPU = Debug|Any CPU
		Release|Any CPU = Release|Any CPU
		Debug|iPhoneSimulator = Debug|iPhoneSimulator
		Release|iPhoneSimulator = Release|iPhoneSimulator
		Debug|iPhone = Debug|iPhone
		Release|iPhone = Release|iPhone
	EndGlobalSection
	GlobalSection(ProjectConfigurationPlatforms) = postSolution
		{440F2C9F-3666-4143-8E1F-67EA4F6DE634}.Debug|Any CPU.ActiveCfg = Debug|Any CPU
		{440F2C9F-3666-4143-8E1F-67EA4F6DE634}.Debug|Any CPU.Build.0 = Debug|Any CPU
		{440F2C9F-3666-4143-8E1F-67EA4F6DE634}.Release|Any CPU.ActiveCfg = Release|Any CPU
		{440F2C9F-3666-4143-8E1F-67EA4F6DE634}.Release|Any CPU.Build.0 = Release|Any CPU
		{440F2C9F-3666-4143-8E1F-67EA4F6DE634}.Debug|iPhoneSimulator.ActiveCfg = Debug|Any CPU
		{440F2C9F-3666-4143-8E1F-67EA4F6DE634}.Debug|iPhoneSimulator.Build.0 = Debug|Any CPU
		{440F2C9F-3666-4143-8E1F-67EA4F6DE634}.Release|iPhoneSimulator.ActiveCfg = Release|Any CPU
		{440F2C9F-3666-4143-8E1F-67EA4F6DE634}.Release|iPhoneSimulator.Build.0 = Release|Any CPU
		{440F2C9F-3666-4143-8E1F-67EA4F6DE634}.Debug|iPhone.ActiveCfg = Debug|Any CPU
		{440F2C9F-3666-4143-8E1F-67EA4F6DE634}.Debug|iPhone.Build.0 = Debug|Any CPU
		{440F2C9F-3666-4143-8E1F-67EA4F6DE634}.Release|iPhone.ActiveCfg = Release|Any CPU
		{440F2C9F-3666-4143-8E1F-67EA4F6DE634}.Release|iPhone.Build.0 = Release|Any CPU
		{66142964-EF4E-4DF2-8DBE-5C40EA27A6E8}.Debug|Any CPU.ActiveCfg = Debug|iPhoneSimulator
		{66142964-EF4E-4DF2-8DBE-5C40EA27A6E8}.Debug|Any CPU.Build.0 = Debug|iPhoneSimulator
		{66142964-EF4E-4DF2-8DBE-5C40EA27A6E8}.Release|Any CPU.ActiveCfg = Release|iPhoneSimulator
		{66142964-EF4E-4DF2-8DBE-5C40EA27A6E8}.Release|Any CPU.Build.0 = Release|iPhoneSimulator
		{66142964-EF4E-4DF2-8DBE-5C40EA27A6E8}.Debug|iPhoneSimulator.ActiveCfg = Debug|iPhoneSimulator
		{66142964-EF4E-4DF2-8DBE-5C40EA27A6E8}.Debug|iPhoneSimulator.Build.0 = Debug|iPhoneSimulator
		{66142964-EF4E-4DF2-8DBE-5C40EA27A6E8}.Release|iPhoneSimulator.ActiveCfg = Release|iPhoneSimulator
		{66142964-EF4E-4DF2-8DBE-5C40EA27A6E8}.Release|iPhoneSimulator.Build.0 = Release|iPhoneSimulator
		{66142964-EF4E-4DF2-8DBE-5C40EA27A6E8}.Debug|iPhone.ActiveCfg = Debug|iPhone
		{66142964-EF4E-4DF2-8DBE-5C40EA27A6E8}.Debug|iPhone.Build.0 = Debug|iPhone
		{66142964-EF4E-4DF2-8DBE-5C40EA27A6E8}.Release|iPhone.ActiveCfg = Release|iPhone
		{66142964-EF4E-4DF2-8DBE-5C40EA27A6E8}.Release|iPhone.Build.0 = Release|iPhone
		{13AA5DB4-1019-48F3-94ED-74B2C48C8B84}.Debug|Any CPU.ActiveCfg = Debug|Any CPU
		{13AA5DB4-1019-48F3-94ED-74B2C48C8B84}.Debug|Any CPU.Build.0 = Debug|Any CPU
		{13AA5DB4-1019-48F3-94ED-74B2C48C8B84}.Release|Any CPU.ActiveCfg = Release|Any CPU
		{13AA5DB4-1019-48F3-94ED-74B2C48C8B84}.Release|Any CPU.Build.0 = Release|Any CPU
		{13AA5DB4-1019-48F3-94ED-74B2C48C8B84}.Debug|iPhoneSimulator.ActiveCfg = Debug|Any CPU
		{13AA5DB4-1019-48F3-94ED-74B2C48C8B84}.Debug|iPhoneSimulator.Build.0 = Debug|Any CPU
		{13AA5DB4-1019-48F3-94ED-74B2C48C8B84}.Release|iPhoneSimulator.ActiveCfg = Release|Any CPU
		{13AA5DB4-1019-48F3-94ED-74B2C48C8B84}.Release|iPhoneSimulator.Build.0 = Release|Any CPU
		{13AA5DB4-1019-48F3-94ED-74B2C48C8B84}.Debug|iPhone.ActiveCfg = Debug|Any CPU
		{13AA5DB4-1019-48F3-94ED-74B2C48C8B84}.Debug|iPhone.Build.0 = Debug|Any CPU
		{13AA5DB4-1019-48F3-94ED-74B2C48C8B84}.Release|iPhone.ActiveCfg = Release|Any CPU
		{13AA5DB4-1019-48F3-94ED-74B2C48C8B84}.Release|iPhone.Build.0 = Release|Any CPU
	EndGlobalSection
EndGlobal
